
Microsoft Visual Studio Solution File, Format Version 12.00
# Visual Studio 2017
Project("{FAE04EC0-301F-11D3-BF4B-00C04F79EFBC}") = "CartaPrueba.Plugins", "CartaPrueba.Plugins.csproj", "{DF4B8763-A28E-8D85-C200-5F860EBB0B13}"
EndProject
Project("{FAE04EC0-301F-11D3-BF4B-00C04F79EFBC}") = "CartaPrueba", "CartaPrueba.csproj", "{BD5AFCE9-C03A-D3F9-3B45-45B59FC6DDE3}"
EndProject
Project("{FAE04EC0-301F-11D3-BF4B-00C04F79EFBC}") = "CartaPrueba.Editor.Plugins", "CartaPrueba.Editor.Plugins.csproj", "{D54A7235-1C10-A9A1-E44E-092B7C6BFB25}"
EndProject
Global
	GlobalSection(SolutionConfigurationPlatforms) = preSolution
		Debug|Any CPU = Debug|Any CPU
		Release|Any CPU = Release|Any CPU
	EndGlobalSection
	GlobalSection(ProjectConfigurationPlatforms) = postSolution
		{DF4B8763-A28E-8D85-C200-5F860EBB0B13}.Debug|Any CPU.ActiveCfg = Debug|Any CPU
		{DF4B8763-A28E-8D85-C200-5F860EBB0B13}.Debug|Any CPU.Build.0 = Debug|Any CPU
		{DF4B8763-A28E-8D85-C200-5F860EBB0B13}.Release|Any CPU.ActiveCfg = Release|Any CPU
		{DF4B8763-A28E-8D85-C200-5F860EBB0B13}.Release|Any CPU.Build.0 = Release|Any CPU
		{BD5AFCE9-C03A-D3F9-3B45-45B59FC6DDE3}.Debug|Any CPU.ActiveCfg = Debug|Any CPU
		{BD5AFCE9-C03A-D3F9-3B45-45B59FC6DDE3}.Debug|Any CPU.Build.0 = Debug|Any CPU
		{BD5AFCE9-C03A-D3F9-3B45-45B59FC6DDE3}.Release|Any CPU.ActiveCfg = Release|Any CPU
		{BD5AFCE9-C03A-D3F9-3B45-45B59FC6DDE3}.Release|Any CPU.Build.0 = Release|Any CPU
		{D54A7235-1C10-A9A1-E44E-092B7C6BFB25}.Debug|Any CPU.ActiveCfg = Debug|Any CPU
		{D54A7235-1C10-A9A1-E44E-092B7C6BFB25}.Debug|Any CPU.Build.0 = Debug|Any CPU
		{D54A7235-1C10-A9A1-E44E-092B7C6BFB25}.Release|Any CPU.ActiveCfg = Release|Any CPU
		{D54A7235-1C10-A9A1-E44E-092B7C6BFB25}.Release|Any CPU.Build.0 = Release|Any CPU
	EndGlobalSection
	GlobalSection(SolutionProperties) = preSolution
		HideSolutionNode = FALSE
	EndGlobalSection
EndGlobal
